
Microsoft Visual Studio Solution File, Format Version 12.00
# Visual Studio 15
VisualStudioVersion = 15.0.28307.136
MinimumVisualStudioVersion = 10.0.40219.1
Project("{FAE04EC0-301F-11D3-BF4B-00C04F79EFBC}") = "File Encrypter and Decrypter", "File Encrypter and Decrypter\File Encrypter and Decrypter.csproj", "{2A8A43D6-674B-4B32-A64A-341DF0EDF85D}"
EndProject
Global
	GlobalSection(SolutionConfigurationPlatforms) = preSolution
		Debug|Any CPU = Debug|Any CPU
		Release|Any CPU = Release|Any CPU
	EndGlobalSection
	GlobalSection(ProjectConfigurationPlatforms) = postSolution
		{2A8A43D6-674B-4B32-A64A-341DF0EDF85D}.Debug|Any CPU.ActiveCfg = Debug|Any CPU
		{2A8A43D6-674B-4B32-A64A-341DF0EDF85D}.Debug|Any CPU.Build.0 = Debug|Any CPU
		{2A8A43D6-674B-4B32-A64A-341DF0EDF85D}.Release|Any CPU.ActiveCfg = Release|Any CPU
		{2A8A43D6-674B-4B32-A64A-341DF0EDF85D}.Release|Any CPU.Build.0 = Release|Any CPU
	EndGlobalSection
	GlobalSection(SolutionProperties) = preSolution
		HideSolutionNode = FALSE
	EndGlobalSection
	GlobalSection(ExtensibilityGlobals) = postSolution
		SolutionGuid = {058CA035-8110-4C02-B7DB-FD5D71AB5C07}
	EndGlobalSection
EndGlobal
